{
    "_readme": [
        "This file locks the dependencies of your project to a known state",
        "Read more about it at https://getcomposer.org/doc/01-basic-usage.md#installing-dependencies",
        "This file is @generated automatically"
    ],
    "content-hash": "5686c2e354d3448e6d0b220dbbd6a3b0",
    "packages": [
        {
            "name": "woeler/phpdiscord",
            "version": "3.0.0",
            "source": {
                "type": "git",
                "url": "https://github.com/Woeler/discord-php.git",
                "reference": "7e1610a0b0e3d23b35efeeb7488cbad10750d8f0"
            },
            "dist": {
                "type": "zip",
                "url": "https://api.github.com/repos/Woeler/discord-php/zipball/7e1610a0b0e3d23b35efeeb7488cbad10750d8f0",
                "reference": "7e1610a0b0e3d23b35efeeb7488cbad10750d8f0",
                "shasum": ""
            },
            "require": {
                "ext-curl": "*",
                "ext-json": "*",
                "php": "^7.4|^8.0"
            },
            "require-dev": {
                "friendsofphp/php-cs-fixer": "^2.19"
            },
            "type": "library",
            "autoload": {
                "psr-4": {
                    "Woeler\\DiscordPhp\\": "src/"
                }
            },
            "notification-url": "https://packagist.org/downloads/",
            "license": [
                "GPL-3.0-or-later"
            ],
            "authors": [
                {
                    "name": "Woeler",
                    "email": "woeler@woeler.eu"
                }
            ],
            "description": "A php library to use Discord webhooks and embeds.",
            "funding": [
                {
                    "url": "https://woeler.tech",
                    "type": "custom"
                },
                {
                    "url": "https://github.com/Woeler",
                    "type": "github"
                }
            ],
            "time": "2021-06-30T13:45:06+00:00"
        }
    ],
    "packages-dev": [],
    "aliases": [],
    "minimum-stability": "stable",
    "stability-flags": [],
    "prefer-stable": false,
    "prefer-lowest": false,
    "platform": [],
    "platform-dev": [],
    "plugin-api-version": "1.1.0"
}
